// !$*UTF8*$!
{
	archiveVersion = 1;
	classes = {
	};
	objectVersion = 55;
	objects = {

/* Begin PBXBuildFile section */
		C7256DDB27A361CE00EC9C4D /* AppDelegate.swift in Sources */ = {isa = PBXBuildFile; fileRef = C7256DDA27A361CE00EC9C4D /* AppDelegate.swift */; };
		C7256DDD27A361CE00EC9C4D /* SceneDelegate.swift in Sources */ = {isa = PBXBuildFile; fileRef = C7256DDC27A361CE00EC9C4D /* SceneDelegate.swift */; };
		C7256DE227A361CE00EC9C4D /* Main.storyboard in Resources */ = {isa = PBXBuildFile; fileRef = C7256DE027A361CE00EC9C4D /* Main.storyboard */; };
		C7256DE427A361CF00EC9C4D /* Assets.xcassets in Resources */ = {isa = PBXBuildFile; fileRef = C7256DE327A361CF00EC9C4D /* Assets.xcassets */; };
		C7256DE727A361CF00EC9C4D /* LaunchScreen.storyboard in Resources */ = {isa = PBXBuildFile; fileRef = C7256DE527A361CF00EC9C4D /* LaunchScreen.storyboard */; };
		C7256DFC27A361D000EC9C4D /* FreshworksUITests.swift in Sources */ = {isa = PBXBuildFile; fileRef = C7256DFB27A361D000EC9C4D /* FreshworksUITests.swift */; };
		C7256DFE27A361D000EC9C4D /* FreshworksUITestsLaunchTests.swift in Sources */ = {isa = PBXBuildFile; fileRef = C7256DFD27A361D000EC9C4D /* FreshworksUITestsLaunchTests.swift */; };
		C7256E0B27A372E600EC9C4D /* FreshworksLogo.png in Resources */ = {isa = PBXBuildFile; fileRef = C7256E0A27A372E600EC9C4D /* FreshworksLogo.png */; };
		C7256E0F27A375AE00EC9C4D /* MainTabBarController.swift in Sources */ = {isa = PBXBuildFile; fileRef = C7256E0E27A375AE00EC9C4D /* MainTabBarController.swift */; };
		C7256E1127A3790200EC9C4D /* TabBarElement.swift in Sources */ = {isa = PBXBuildFile; fileRef = C7256E1027A3790200EC9C4D /* TabBarElement.swift */; };
		C7256E1427A37D5B00EC9C4D /* GiphyApi.swift in Sources */ = {isa = PBXBuildFile; fileRef = C7256E1327A37D5B00EC9C4D /* GiphyApi.swift */; };
		C7256E1927A37E3D00EC9C4D /* SearchRequest.swift in Sources */ = {isa = PBXBuildFile; fileRef = C7256E1827A37E3D00EC9C4D /* SearchRequest.swift */; };
		C7256E1B27A37F2D00EC9C4D /* SearchResponse.swift in Sources */ = {isa = PBXBuildFile; fileRef = C7256E1A27A37F2D00EC9C4D /* SearchResponse.swift */; };
		C7256E1D27A3908600EC9C4D /* NetworkManager.swift in Sources */ = {isa = PBXBuildFile; fileRef = C7256E1C27A3908600EC9C4D /* NetworkManager.swift */; };
		C7256E1F27A3911400EC9C4D /* NetworkError.swift in Sources */ = {isa = PBXBuildFile; fileRef = C7256E1E27A3911400EC9C4D /* NetworkError.swift */; };
		C7256E2127A3A23C00EC9C4D /* GiphyApiNetwork.swift in Sources */ = {isa = PBXBuildFile; fileRef = C7256E2027A3A23C00EC9C4D /* GiphyApiNetwork.swift */; };
		C7256E2427A3A55400EC9C4D /* NetworkManagerTests.swift in Sources */ = {isa = PBXBuildFile; fileRef = C7256E2327A3A55400EC9C4D /* NetworkManagerTests.swift */; };
		C7256E2627A3A58600EC9C4D /* MockURLProtocol.swift in Sources */ = {isa = PBXBuildFile; fileRef = C7256E2527A3A58600EC9C4D /* MockURLProtocol.swift */; };
		C7256E2827A3B4EE00EC9C4D /* TestEndpoint.swift in Sources */ = {isa = PBXBuildFile; fileRef = C7256E2727A3B4EE00EC9C4D /* TestEndpoint.swift */; };
		C7256E2A27A3B51F00EC9C4D /* TestModel.swift in Sources */ = {isa = PBXBuildFile; fileRef = C7256E2927A3B51F00EC9C4D /* TestModel.swift */; };
		C7256E2C27A3B58E00EC9C4D /* URLConvertible.swift in Sources */ = {isa = PBXBuildFile; fileRef = C7256E2B27A3B58E00EC9C4D /* URLConvertible.swift */; };
		C7256E2E27A3B5AA00EC9C4D /* NetworkManager+Extension.swift in Sources */ = {isa = PBXBuildFile; fileRef = C7256E2D27A3B5AA00EC9C4D /* NetworkManager+Extension.swift */; };
		C7256E3027A3B5ED00EC9C4D /* GiphyApiNetwork+Endpoint.swift in Sources */ = {isa = PBXBuildFile; fileRef = C7256E2F27A3B5ED00EC9C4D /* GiphyApiNetwork+Endpoint.swift */; };
		C7256E3227A3B65100EC9C4D /* GiphyApiMock.swift in Sources */ = {isa = PBXBuildFile; fileRef = C7256E3127A3B65100EC9C4D /* GiphyApiMock.swift */; };
		C7256E3427A3B6EF00EC9C4D /* GiphyData.swift in Sources */ = {isa = PBXBuildFile; fileRef = C7256E3327A3B6EF00EC9C4D /* GiphyData.swift */; };
		C7256E3627A3B70700EC9C4D /* Images.swift in Sources */ = {isa = PBXBuildFile; fileRef = C7256E3527A3B70700EC9C4D /* Images.swift */; };
		C7256E3827A3B71B00EC9C4D /* FixedImage.swift in Sources */ = {isa = PBXBuildFile; fileRef = C7256E3727A3B71B00EC9C4D /* FixedImage.swift */; };
		C7256E3A27A3B73100EC9C4D /* OriginalImage.swift in Sources */ = {isa = PBXBuildFile; fileRef = C7256E3927A3B73100EC9C4D /* OriginalImage.swift */; };
		C72FD2A727A6113100FF0C59 /* SearchViewModel.swift in Sources */ = {isa = PBXBuildFile; fileRef = C72FD2A627A6113100FF0C59 /* SearchViewModel.swift */; };
		C72FD2A927A624E600FF0C59 /* RootViewController.swift in Sources */ = {isa = PBXBuildFile; fileRef = C72FD2A827A624E600FF0C59 /* RootViewController.swift */; };
		C72FD2AB27A63C2500FF0C59 /* GifCellViewModel.swift in Sources */ = {isa = PBXBuildFile; fileRef = C72FD2AA27A63C2500FF0C59 /* GifCellViewModel.swift */; };
		C72FD2AE27A63EA300FF0C59 /* FavoriteManager.swift in Sources */ = {isa = PBXBuildFile; fileRef = C72FD2AD27A63EA300FF0C59 /* FavoriteManager.swift */; };
		C72FD2B027A656B300FF0C59 /* FavoritesViewController.swift in Sources */ = {isa = PBXBuildFile; fileRef = C72FD2AF27A656B300FF0C59 /* FavoritesViewController.swift */; };
		C72FD2B227A6578200FF0C59 /* FavoritesViewModel.swift in Sources */ = {isa = PBXBuildFile; fileRef = C72FD2B127A6578200FF0C59 /* FavoritesViewModel.swift */; };
		C72FD2B627A6609700FF0C59 /* FavoritesControllerAction.swift in Sources */ = {isa = PBXBuildFile; fileRef = C72FD2B527A6609700FF0C59 /* FavoritesControllerAction.swift */; };
		C72FD2B827A660B900FF0C59 /* SearchControllerAction.swift in Sources */ = {isa = PBXBuildFile; fileRef = C72FD2B727A660B900FF0C59 /* SearchControllerAction.swift */; };
		C72FD2BA27A660D900FF0C59 /* GifCellAction.swift in Sources */ = {isa = PBXBuildFile; fileRef = C72FD2B927A660D900FF0C59 /* GifCellAction.swift */; };
		C72FD2BC27A660F000FF0C59 /* GifCellDelegate.swift in Sources */ = {isa = PBXBuildFile; fileRef = C72FD2BB27A660F000FF0C59 /* GifCellDelegate.swift */; };
		C72FD2BE27A6651200FF0C59 /* GifViewModel.swift in Sources */ = {isa = PBXBuildFile; fileRef = C72FD2BD27A6651200FF0C59 /* GifViewModel.swift */; };
		C72FD2C027A6700200FF0C59 /* FavoritedSelectedIndex.swift in Sources */ = {isa = PBXBuildFile; fileRef = C72FD2BF27A6700200FF0C59 /* FavoritedSelectedIndex.swift */; };
		C773FE8427A60A36009CD017 /* GifSection.swift in Sources */ = {isa = PBXBuildFile; fileRef = C773FE8327A60A36009CD017 /* GifSection.swift */; };
		C773FE8627A60A5B009CD017 /* GifCollectionViewConfiguration.swift in Sources */ = {isa = PBXBuildFile; fileRef = C773FE8527A60A5B009CD017 /* GifCollectionViewConfiguration.swift */; };
		C773FE8827A60C22009CD017 /* GifCollectionViewLayout.swift in Sources */ = {isa = PBXBuildFile; fileRef = C773FE8727A60C22009CD017 /* GifCollectionViewLayout.swift */; };
		C7CE90B327A45E5500FCEABE /* SearchViewController.swift in Sources */ = {isa = PBXBuildFile; fileRef = C7CE90B227A45E5500FCEABE /* SearchViewController.swift */; };
		C7CE90B627A47FAB00FCEABE /* GifCell.swift in Sources */ = {isa = PBXBuildFile; fileRef = C7CE90B427A47FAB00FCEABE /* GifCell.swift */; };
		C7CE90B727A47FAB00FCEABE /* GifCell.xib in Resources */ = {isa = PBXBuildFile; fileRef = C7CE90B527A47FAB00FCEABE /* GifCell.xib */; };
/* End PBXBuildFile section */

/* Begin PBXContainerItemProxy section */
		C7256DEE27A361D000EC9C4D /* PBXContainerItemProxy */ = {
			isa = PBXContainerItemProxy;
			containerPortal = C7256DCF27A361CE00EC9C4D /* Project object */;
			proxyType = 1;
			remoteGlobalIDString = C7256DD627A361CE00EC9C4D;
			remoteInfo = Freshworks;
		};
		C7256DF827A361D000EC9C4D /* PBXContainerItemProxy */ = {
			isa = PBXContainerItemProxy;
			containerPortal = C7256DCF27A361CE00EC9C4D /* Project object */;
			proxyType = 1;
			remoteGlobalIDString = C7256DD627A361CE00EC9C4D;
			remoteInfo = Freshworks;
		};
/* End PBXContainerItemProxy section */

/* Begin PBXFileReference section */
		C7256DD727A361CE00EC9C4D /* Freshworks.app */ = {isa = PBXFileReference; explicitFileType = wrapper.application; includeInIndex = 0; path = Freshworks.app; sourceTree = BUILT_PRODUCTS_DIR; };
		C7256DDA27A361CE00EC9C4D /* AppDelegate.swift */ = {isa = PBXFileReference; lastKnownFileType = sourcecode.swift; path = AppDelegate.swift; sourceTree = "<group>"; };
		C7256DDC27A361CE00EC9C4D /* SceneDelegate.swift */ = {isa = PBXFileReference; lastKnownFileType = sourcecode.swift; path = SceneDelegate.swift; sourceTree = "<group>"; };
		C7256DE127A361CE00EC9C4D /* Base */ = {isa = PBXFileReference; lastKnownFileType = file.storyboard; name = Base; path = Base.lproj/Main.storyboard; sourceTree = "<group>"; };
		C7256DE327A361CF00EC9C4D /* Assets.xcassets */ = {isa = PBXFileReference; lastKnownFileType = folder.assetcatalog; path = Assets.xcassets; sourceTree = "<group>"; };
		C7256DE627A361CF00EC9C4D /* Base */ = {isa = PBXFileReference; lastKnownFileType = file.storyboard; name = Base; path = Base.lproj/LaunchScreen.storyboard; sourceTree = "<group>"; };
		C7256DE827A361CF00EC9C4D /* Info.plist */ = {isa = PBXFileReference; lastKnownFileType = text.plist.xml; path = Info.plist; sourceTree = "<group>"; };
		C7256DED27A361D000EC9C4D /* FreshworksTests.xctest */ = {isa = PBXFileReference; explicitFileType = wrapper.cfbundle; includeInIndex = 0; path = FreshworksTests.xctest; sourceTree = BUILT_PRODUCTS_DIR; };
		C7256DF727A361D000EC9C4D /* FreshworksUITests.xctest */ = {isa = PBXFileReference; explicitFileType = wrapper.cfbundle; includeInIndex = 0; path = FreshworksUITests.xctest; sourceTree = BUILT_PRODUCTS_DIR; };
		C7256DFB27A361D000EC9C4D /* FreshworksUITests.swift */ = {isa = PBXFileReference; lastKnownFileType = sourcecode.swift; path = FreshworksUITests.swift; sourceTree = "<group>"; };
		C7256DFD27A361D000EC9C4D /* FreshworksUITestsLaunchTests.swift */ = {isa = PBXFileReference; lastKnownFileType = sourcecode.swift; path = FreshworksUITestsLaunchTests.swift; sourceTree = "<group>"; };
		C7256E0A27A372E600EC9C4D /* FreshworksLogo.png */ = {isa = PBXFileReference; lastKnownFileType = image.png; path = FreshworksLogo.png; sourceTree = "<group>"; };
		C7256E0E27A375AE00EC9C4D /* MainTabBarController.swift */ = {isa = PBXFileReference; lastKnownFileType = sourcecode.swift; path = MainTabBarController.swift; sourceTree = "<group>"; };
		C7256E1027A3790200EC9C4D /* TabBarElement.swift */ = {isa = PBXFileReference; lastKnownFileType = sourcecode.swift; path = TabBarElement.swift; sourceTree = "<group>"; };
		C7256E1327A37D5B00EC9C4D /* GiphyApi.swift */ = {isa = PBXFileReference; lastKnownFileType = sourcecode.swift; path = GiphyApi.swift; sourceTree = "<group>"; };
		C7256E1827A37E3D00EC9C4D /* SearchRequest.swift */ = {isa = PBXFileReference; lastKnownFileType = sourcecode.swift; path = SearchRequest.swift; sourceTree = "<group>"; };
		C7256E1A27A37F2D00EC9C4D /* SearchResponse.swift */ = {isa = PBXFileReference; lastKnownFileType = sourcecode.swift; path = SearchResponse.swift; sourceTree = "<group>"; };
		C7256E1C27A3908600EC9C4D /* NetworkManager.swift */ = {isa = PBXFileReference; lastKnownFileType = sourcecode.swift; path = NetworkManager.swift; sourceTree = "<group>"; };
		C7256E1E27A3911400EC9C4D /* NetworkError.swift */ = {isa = PBXFileReference; lastKnownFileType = sourcecode.swift; path = NetworkError.swift; sourceTree = "<group>"; };
		C7256E2027A3A23C00EC9C4D /* GiphyApiNetwork.swift */ = {isa = PBXFileReference; lastKnownFileType = sourcecode.swift; path = GiphyApiNetwork.swift; sourceTree = "<group>"; };
		C7256E2327A3A55400EC9C4D /* NetworkManagerTests.swift */ = {isa = PBXFileReference; lastKnownFileType = sourcecode.swift; path = NetworkManagerTests.swift; sourceTree = "<group>"; };
		C7256E2527A3A58600EC9C4D /* MockURLProtocol.swift */ = {isa = PBXFileReference; lastKnownFileType = sourcecode.swift; path = MockURLProtocol.swift; sourceTree = "<group>"; };
		C7256E2727A3B4EE00EC9C4D /* TestEndpoint.swift */ = {isa = PBXFileReference; lastKnownFileType = sourcecode.swift; path = TestEndpoint.swift; sourceTree = "<group>"; };
		C7256E2927A3B51F00EC9C4D /* TestModel.swift */ = {isa = PBXFileReference; lastKnownFileType = sourcecode.swift; path = TestModel.swift; sourceTree = "<group>"; };
		C7256E2B27A3B58E00EC9C4D /* URLConvertible.swift */ = {isa = PBXFileReference; lastKnownFileType = sourcecode.swift; path = URLConvertible.swift; sourceTree = "<group>"; };
		C7256E2D27A3B5AA00EC9C4D /* NetworkManager+Extension.swift */ = {isa = PBXFileReference; lastKnownFileType = sourcecode.swift; path = "NetworkManager+Extension.swift"; sourceTree = "<group>"; };
		C7256E2F27A3B5ED00EC9C4D /* GiphyApiNetwork+Endpoint.swift */ = {isa = PBXFileReference; lastKnownFileType = sourcecode.swift; path = "GiphyApiNetwork+Endpoint.swift"; sourceTree = "<group>"; };
		C7256E3127A3B65100EC9C4D /* GiphyApiMock.swift */ = {isa = PBXFileReference; lastKnownFileType = sourcecode.swift; path = GiphyApiMock.swift; sourceTree = "<group>"; };
		C7256E3327A3B6EF00EC9C4D /* GiphyData.swift */ = {isa = PBXFileReference; lastKnownFileType = sourcecode.swift; path = GiphyData.swift; sourceTree = "<group>"; };
		C7256E3527A3B70700EC9C4D /* Images.swift */ = {isa = PBXFileReference; lastKnownFileType = sourcecode.swift; path = Images.swift; sourceTree = "<group>"; };
		C7256E3727A3B71B00EC9C4D /* FixedImage.swift */ = {isa = PBXFileReference; lastKnownFileType = sourcecode.swift; path = FixedImage.swift; sourceTree = "<group>"; };
		C7256E3927A3B73100EC9C4D /* OriginalImage.swift */ = {isa = PBXFileReference; lastKnownFileType = sourcecode.swift; path = OriginalImage.swift; sourceTree = "<group>"; };
		C72FD2A627A6113100FF0C59 /* SearchViewModel.swift */ = {isa = PBXFileReference; lastKnownFileType = sourcecode.swift; path = SearchViewModel.swift; sourceTree = "<group>"; };
		C72FD2A827A624E600FF0C59 /* RootViewController.swift */ = {isa = PBXFileReference; lastKnownFileType = sourcecode.swift; path = RootViewController.swift; sourceTree = "<group>"; };
		C72FD2AA27A63C2500FF0C59 /* GifCellViewModel.swift */ = {isa = PBXFileReference; lastKnownFileType = sourcecode.swift; path = GifCellViewModel.swift; sourceTree = "<group>"; };
		C72FD2AD27A63EA300FF0C59 /* FavoriteManager.swift */ = {isa = PBXFileReference; lastKnownFileType = sourcecode.swift; path = FavoriteManager.swift; sourceTree = "<group>"; };
		C72FD2AF27A656B300FF0C59 /* FavoritesViewController.swift */ = {isa = PBXFileReference; lastKnownFileType = sourcecode.swift; path = FavoritesViewController.swift; sourceTree = "<group>"; };
		C72FD2B127A6578200FF0C59 /* FavoritesViewModel.swift */ = {isa = PBXFileReference; lastKnownFileType = sourcecode.swift; path = FavoritesViewModel.swift; sourceTree = "<group>"; };
		C72FD2B527A6609700FF0C59 /* FavoritesControllerAction.swift */ = {isa = PBXFileReference; lastKnownFileType = sourcecode.swift; path = FavoritesControllerAction.swift; sourceTree = "<group>"; };
		C72FD2B727A660B900FF0C59 /* SearchControllerAction.swift */ = {isa = PBXFileReference; lastKnownFileType = sourcecode.swift; path = SearchControllerAction.swift; sourceTree = "<group>"; };
		C72FD2B927A660D900FF0C59 /* GifCellAction.swift */ = {isa = PBXFileReference; lastKnownFileType = sourcecode.swift; path = GifCellAction.swift; sourceTree = "<group>"; };
		C72FD2BB27A660F000FF0C59 /* GifCellDelegate.swift */ = {isa = PBXFileReference; lastKnownFileType = sourcecode.swift; path = GifCellDelegate.swift; sourceTree = "<group>"; };
		C72FD2BD27A6651200FF0C59 /* GifViewModel.swift */ = {isa = PBXFileReference; lastKnownFileType = sourcecode.swift; path = GifViewModel.swift; sourceTree = "<group>"; };
		C72FD2BF27A6700200FF0C59 /* FavoritedSelectedIndex.swift */ = {isa = PBXFileReference; lastKnownFileType = sourcecode.swift; path = FavoritedSelectedIndex.swift; sourceTree = "<group>"; };
		C773FE8327A60A36009CD017 /* GifSection.swift */ = {isa = PBXFileReference; lastKnownFileType = sourcecode.swift; path = GifSection.swift; sourceTree = "<group>"; };
		C773FE8527A60A5B009CD017 /* GifCollectionViewConfiguration.swift */ = {isa = PBXFileReference; lastKnownFileType = sourcecode.swift; path = GifCollectionViewConfiguration.swift; sourceTree = "<group>"; };
		C773FE8727A60C22009CD017 /* GifCollectionViewLayout.swift */ = {isa = PBXFileReference; lastKnownFileType = sourcecode.swift; path = GifCollectionViewLayout.swift; sourceTree = "<group>"; };
		C7CE90B227A45E5500FCEABE /* SearchViewController.swift */ = {isa = PBXFileReference; lastKnownFileType = sourcecode.swift; path = SearchViewController.swift; sourceTree = "<group>"; };
		C7CE90B427A47FAB00FCEABE /* GifCell.swift */ = {isa = PBXFileReference; lastKnownFileType = sourcecode.swift; path = GifCell.swift; sourceTree = "<group>"; };
		C7CE90B527A47FAB00FCEABE /* GifCell.xib */ = {isa = PBXFileReference; lastKnownFileType = file.xib; path = GifCell.xib; sourceTree = "<group>"; };
/* End PBXFileReference section */

/* Begin PBXFrameworksBuildPhase section */
		C7256DD427A361CE00EC9C4D /* Frameworks */ = {
			isa = PBXFrameworksBuildPhase;
			buildActionMask = 2147483647;
			files = (
			);
			runOnlyForDeploymentPostprocessing = 0;
		};
		C7256DEA27A361D000EC9C4D /* Frameworks */ = {
			isa = PBXFrameworksBuildPhase;
			buildActionMask = 2147483647;
			files = (
			);
			runOnlyForDeploymentPostprocessing = 0;
		};
		C7256DF427A361D000EC9C4D /* Frameworks */ = {
			isa = PBXFrameworksBuildPhase;
			buildActionMask = 2147483647;
			files = (
			);
			runOnlyForDeploymentPostprocessing = 0;
		};
/* End PBXFrameworksBuildPhase section */

/* Begin PBXGroup section */
		C7256DCE27A361CE00EC9C4D = {
			isa = PBXGroup;
			children = (
				C7256DD927A361CE00EC9C4D /* Freshworks */,
				C7256DF027A361D000EC9C4D /* FreshworksTests */,
				C7256DFA27A361D000EC9C4D /* FreshworksUITests */,
				C7256DD827A361CE00EC9C4D /* Products */,
			);
			sourceTree = "<group>";
		};
		C7256DD827A361CE00EC9C4D /* Products */ = {
			isa = PBXGroup;
			children = (
				C7256DD727A361CE00EC9C4D /* Freshworks.app */,
				C7256DED27A361D000EC9C4D /* FreshworksTests.xctest */,
				C7256DF727A361D000EC9C4D /* FreshworksUITests.xctest */,
			);
			name = Products;
			sourceTree = "<group>";
		};
		C7256DD927A361CE00EC9C4D /* Freshworks */ = {
			isa = PBXGroup;
			children = (
				C7256DE827A361CF00EC9C4D /* Info.plist */,
				C7256DDA27A361CE00EC9C4D /* AppDelegate.swift */,
				C7256DDC27A361CE00EC9C4D /* SceneDelegate.swift */,
				C7256E0C27A3752C00EC9C4D /* Extras */,
				C72FD2AC27A63E6F00FF0C59 /* FavoriteManager */,
				C7256E1227A37D4700EC9C4D /* Networking */,
				C72FD2A527A6110B00FF0C59 /* ViewModels */,
				C7256E0D27A3755100EC9C4D /* Views */,
			);
			path = Freshworks;
			sourceTree = "<group>";
		};
		C7256DF027A361D000EC9C4D /* FreshworksTests */ = {
			isa = PBXGroup;
			children = (
				C7256E2227A3A53600EC9C4D /* Networking */,
			);
			path = FreshworksTests;
			sourceTree = "<group>";
		};
		C7256DFA27A361D000EC9C4D /* FreshworksUITests */ = {
			isa = PBXGroup;
			children = (
				C7256DFB27A361D000EC9C4D /* FreshworksUITests.swift */,
				C7256DFD27A361D000EC9C4D /* FreshworksUITestsLaunchTests.swift */,
			);
			path = FreshworksUITests;
			sourceTree = "<group>";
		};
		C7256E0C27A3752C00EC9C4D /* Extras */ = {
			isa = PBXGroup;
			children = (
				C7256DE527A361CF00EC9C4D /* LaunchScreen.storyboard */,
				C7256DE327A361CF00EC9C4D /* Assets.xcassets */,
				C7256E0A27A372E600EC9C4D /* FreshworksLogo.png */,
			);
			path = Extras;
			sourceTree = "<group>";
		};
		C7256E0D27A3755100EC9C4D /* Views */ = {
			isa = PBXGroup;
			children = (
				C72FD2BF27A6700200FF0C59 /* FavoritedSelectedIndex.swift */,
				C72FD2B527A6609700FF0C59 /* FavoritesControllerAction.swift */,
				C72FD2AF27A656B300FF0C59 /* FavoritesViewController.swift */,
				C7CE90B427A47FAB00FCEABE /* GifCell.swift */,
				C72FD2B927A660D900FF0C59 /* GifCellAction.swift */,
				C72FD2BB27A660F000FF0C59 /* GifCellDelegate.swift */,
				C773FE8527A60A5B009CD017 /* GifCollectionViewConfiguration.swift */,
				C773FE8727A60C22009CD017 /* GifCollectionViewLayout.swift */,
				C773FE8327A60A36009CD017 /* GifSection.swift */,
				C7256E0E27A375AE00EC9C4D /* MainTabBarController.swift */,
				C72FD2A827A624E600FF0C59 /* RootViewController.swift */,
				C72FD2B727A660B900FF0C59 /* SearchControllerAction.swift */,
				C7CE90B227A45E5500FCEABE /* SearchViewController.swift */,
				C7256E1027A3790200EC9C4D /* TabBarElement.swift */,
				C7CE90B527A47FAB00FCEABE /* GifCell.xib */,
				C7256DE027A361CE00EC9C4D /* Main.storyboard */,
			);
			path = Views;
			sourceTree = "<group>";
		};
		C7256E1227A37D4700EC9C4D /* Networking */ = {
			isa = PBXGroup;
			children = (
				C7256E1327A37D5B00EC9C4D /* GiphyApi.swift */,
				C7256E3127A3B65100EC9C4D /* GiphyApiMock.swift */,
				C7256E2027A3A23C00EC9C4D /* GiphyApiNetwork.swift */,
				C7256E2F27A3B5ED00EC9C4D /* GiphyApiNetwork+Endpoint.swift */,
				C7256E1E27A3911400EC9C4D /* NetworkError.swift */,
				C7256E1C27A3908600EC9C4D /* NetworkManager.swift */,
				C7256E2D27A3B5AA00EC9C4D /* NetworkManager+Extension.swift */,
				C7256E2B27A3B58E00EC9C4D /* URLConvertible.swift */,
				C7256E1527A37E0100EC9C4D /* Models */,
			);
			path = Networking;
			sourceTree = "<group>";
		};
		C7256E1527A37E0100EC9C4D /* Models */ = {
			isa = PBXGroup;
			children = (
				C7256E1627A37E1700EC9C4D /* Requests */,
				C7256E1727A37E1D00EC9C4D /* Responses */,
			);
			path = Models;
			sourceTree = "<group>";
		};
		C7256E1627A37E1700EC9C4D /* Requests */ = {
			isa = PBXGroup;
			children = (
				C7256E1827A37E3D00EC9C4D /* SearchRequest.swift */,
			);
			path = Requests;
			sourceTree = "<group>";
		};
		C7256E1727A37E1D00EC9C4D /* Responses */ = {
			isa = PBXGroup;
			children = (
				C7256E3727A3B71B00EC9C4D /* FixedImage.swift */,
				C7256E3327A3B6EF00EC9C4D /* GiphyData.swift */,
				C7256E3527A3B70700EC9C4D /* Images.swift */,
				C7256E3927A3B73100EC9C4D /* OriginalImage.swift */,
				C7256E1A27A37F2D00EC9C4D /* SearchResponse.swift */,
			);
			path = Responses;
			sourceTree = "<group>";
		};
		C7256E2227A3A53600EC9C4D /* Networking */ = {
			isa = PBXGroup;
			children = (
				C7256E2327A3A55400EC9C4D /* NetworkManagerTests.swift */,
				C7256E2527A3A58600EC9C4D /* MockURLProtocol.swift */,
				C7256E2727A3B4EE00EC9C4D /* TestEndpoint.swift */,
				C7256E2927A3B51F00EC9C4D /* TestModel.swift */,
			);
			path = Networking;
			sourceTree = "<group>";
		};
		C72FD2A527A6110B00FF0C59 /* ViewModels */ = {
			isa = PBXGroup;
			children = (
				C72FD2B127A6578200FF0C59 /* FavoritesViewModel.swift */,
				C72FD2AA27A63C2500FF0C59 /* GifCellViewModel.swift */,
				C72FD2BD27A6651200FF0C59 /* GifViewModel.swift */,
				C72FD2A627A6113100FF0C59 /* SearchViewModel.swift */,
			);
			path = ViewModels;
			sourceTree = "<group>";
		};
		C72FD2AC27A63E6F00FF0C59 /* FavoriteManager */ = {
			isa = PBXGroup;
			children = (
				C72FD2AD27A63EA300FF0C59 /* FavoriteManager.swift */,
			);
			path = FavoriteManager;
			sourceTree = "<group>";
		};
/* End PBXGroup section */

/* Begin PBXNativeTarget section */
		C7256DD627A361CE00EC9C4D /* Freshworks */ = {
			isa = PBXNativeTarget;
			buildConfigurationList = C7256E0127A361D000EC9C4D /* Build configuration list for PBXNativeTarget "Freshworks" */;
			buildPhases = (
				C7256DD327A361CE00EC9C4D /* Sources */,
				C7256DD427A361CE00EC9C4D /* Frameworks */,
				C7256DD527A361CE00EC9C4D /* Resources */,
			);
			buildRules = (
			);
			dependencies = (
			);
			name = Freshworks;
			productName = Freshworks;
			productReference = C7256DD727A361CE00EC9C4D /* Freshworks.app */;
			productType = "com.apple.product-type.application";
		};
		C7256DEC27A361D000EC9C4D /* FreshworksTests */ = {
			isa = PBXNativeTarget;
			buildConfigurationList = C7256E0427A361D000EC9C4D /* Build configuration list for PBXNativeTarget "FreshworksTests" */;
			buildPhases = (
				C7256DE927A361D000EC9C4D /* Sources */,
				C7256DEA27A361D000EC9C4D /* Frameworks */,
				C7256DEB27A361D000EC9C4D /* Resources */,
			);
			buildRules = (
			);
			dependencies = (
				C7256DEF27A361D000EC9C4D /* PBXTargetDependency */,
			);
			name = FreshworksTests;
			productName = FreshworksTests;
			productReference = C7256DED27A361D000EC9C4D /* FreshworksTests.xctest */;
			productType = "com.apple.product-type.bundle.unit-test";
		};
		C7256DF627A361D000EC9C4D /* FreshworksUITests */ = {
			isa = PBXNativeTarget;
			buildConfigurationList = C7256E0727A361D000EC9C4D /* Build configuration list for PBXNativeTarget "FreshworksUITests" */;
			buildPhases = (
				C7256DF327A361D000EC9C4D /* Sources */,
				C7256DF427A361D000EC9C4D /* Frameworks */,
				C7256DF527A361D000EC9C4D /* Resources */,
			);
			buildRules = (
			);
			dependencies = (
				C7256DF927A361D000EC9C4D /* PBXTargetDependency */,
			);
			name = FreshworksUITests;
			productName = FreshworksUITests;
			productReference = C7256DF727A361D000EC9C4D /* FreshworksUITests.xctest */;
			productType = "com.apple.product-type.bundle.ui-testing";
		};
/* End PBXNativeTarget section */

/* Begin PBXProject section */
		C7256DCF27A361CE00EC9C4D /* Project object */ = {
			isa = PBXProject;
			attributes = {
				BuildIndependentTargetsInParallel = 1;
				LastSwiftUpdateCheck = 1320;
				LastUpgradeCheck = 1320;
				TargetAttributes = {
					C7256DD627A361CE00EC9C4D = {
						CreatedOnToolsVersion = 13.2.1;
					};
					C7256DEC27A361D000EC9C4D = {
						CreatedOnToolsVersion = 13.2.1;
						TestTargetID = C7256DD627A361CE00EC9C4D;
					};
					C7256DF627A361D000EC9C4D = {
						CreatedOnToolsVersion = 13.2.1;
						TestTargetID = C7256DD627A361CE00EC9C4D;
					};
				};
			};
			buildConfigurationList = C7256DD227A361CE00EC9C4D /* Build configuration list for PBXProject "Freshworks" */;
			compatibilityVersion = "Xcode 13.0";
			developmentRegion = en;
			hasScannedForEncodings = 0;
			knownRegions = (
				en,
				Base,
			);
			mainGroup = C7256DCE27A361CE00EC9C4D;
			productRefGroup = C7256DD827A361CE00EC9C4D /* Products */;
			projectDirPath = "";
			projectRoot = "";
			targets = (
				C7256DD627A361CE00EC9C4D /* Freshworks */,
				C7256DEC27A361D000EC9C4D /* FreshworksTests */,
				C7256DF627A361D000EC9C4D /* FreshworksUITests */,
			);
		};
/* End PBXProject section */

/* Begin PBXResourcesBuildPhase section */
		C7256DD527A361CE00EC9C4D /* Resources */ = {
			isa = PBXResourcesBuildPhase;
			buildActionMask = 2147483647;
			files = (
				C7CE90B727A47FAB00FCEABE /* GifCell.xib in Resources */,
				C7256DE727A361CF00EC9C4D /* LaunchScreen.storyboard in Resources */,
				C7256DE427A361CF00EC9C4D /* Assets.xcassets in Resources */,
				C7256DE227A361CE00EC9C4D /* Main.storyboard in Resources */,
				C7256E0B27A372E600EC9C4D /* FreshworksLogo.png in Resources */,
			);
			runOnlyForDeploymentPostprocessing = 0;
		};
		C7256DEB27A361D000EC9C4D /* Resources */ = {
			isa = PBXResourcesBuildPhase;
			buildActionMask = 2147483647;
			files = (
			);
			runOnlyForDeploymentPostprocessing = 0;
		};
		C7256DF527A361D000EC9C4D /* Resources */ = {
			isa = PBXResourcesBuildPhase;
			buildActionMask = 2147483647;
			files = (
			);
			runOnlyForDeploymentPostprocessing = 0;
		};
/* End PBXResourcesBuildPhase section */

/* Begin PBXSourcesBuildPhase section */
		C7256DD327A361CE00EC9C4D /* Sources */ = {
			isa = PBXSourcesBuildPhase;
			buildActionMask = 2147483647;
			files = (
				C72FD2B227A6578200FF0C59 /* FavoritesViewModel.swift in Sources */,
				C7256E3827A3B71B00EC9C4D /* FixedImage.swift in Sources */,
				C72FD2BA27A660D900FF0C59 /* GifCellAction.swift in Sources */,
				C72FD2AB27A63C2500FF0C59 /* GifCellViewModel.swift in Sources */,
				C72FD2B027A656B300FF0C59 /* FavoritesViewController.swift in Sources */,
				C72FD2BC27A660F000FF0C59 /* GifCellDelegate.swift in Sources */,
				C72FD2B827A660B900FF0C59 /* SearchControllerAction.swift in Sources */,
				C7CE90B627A47FAB00FCEABE /* GifCell.swift in Sources */,
				C72FD2AE27A63EA300FF0C59 /* FavoriteManager.swift in Sources */,
				C7256E1B27A37F2D00EC9C4D /* SearchResponse.swift in Sources */,
				C7256E1127A3790200EC9C4D /* TabBarElement.swift in Sources */,
				C7256E2E27A3B5AA00EC9C4D /* NetworkManager+Extension.swift in Sources */,
				C7CE90B327A45E5500FCEABE /* SearchViewController.swift in Sources */,
				C773FE8427A60A36009CD017 /* GifSection.swift in Sources */,
				C72FD2C027A6700200FF0C59 /* FavoritedSelectedIndex.swift in Sources */,
				C7256E2C27A3B58E00EC9C4D /* URLConvertible.swift in Sources */,
				C7256E3227A3B65100EC9C4D /* GiphyApiMock.swift in Sources */,
				C7256E1927A37E3D00EC9C4D /* SearchRequest.swift in Sources */,
				C7256DDB27A361CE00EC9C4D /* AppDelegate.swift in Sources */,
				C773FE8827A60C22009CD017 /* GifCollectionViewLayout.swift in Sources */,
				C7256E1D27A3908600EC9C4D /* NetworkManager.swift in Sources */,
				C7256E1427A37D5B00EC9C4D /* GiphyApi.swift in Sources */,
				C7256E3427A3B6EF00EC9C4D /* GiphyData.swift in Sources */,
				C72FD2A927A624E600FF0C59 /* RootViewController.swift in Sources */,
				C7256E1F27A3911400EC9C4D /* NetworkError.swift in Sources */,
				C7256E3A27A3B73100EC9C4D /* OriginalImage.swift in Sources */,
				C72FD2BE27A6651200FF0C59 /* GifViewModel.swift in Sources */,
				C773FE8627A60A5B009CD017 /* GifCollectionViewConfiguration.swift in Sources */,
				C72FD2A727A6113100FF0C59 /* SearchViewModel.swift in Sources */,
				C7256E2127A3A23C00EC9C4D /* GiphyApiNetwork.swift in Sources */,
				C7256E3027A3B5ED00EC9C4D /* GiphyApiNetwork+Endpoint.swift in Sources */,
				C7256E3627A3B70700EC9C4D /* Images.swift in Sources */,
				C72FD2B627A6609700FF0C59 /* FavoritesControllerAction.swift in Sources */,
				C7256DDD27A361CE00EC9C4D /* SceneDelegate.swift in Sources */,
				C7256E0F27A375AE00EC9C4D /* MainTabBarController.swift in Sources */,
			);
			runOnlyForDeploymentPostprocessing = 0;
		};
		C7256DE927A361D000EC9C4D /* Sources */ = {
			isa = PBXSourcesBuildPhase;
			buildActionMask = 2147483647;
			files = (
				C7256E2627A3A58600EC9C4D /* MockURLProtocol.swift in Sources */,
				C7256E2427A3A55400EC9C4D /* NetworkManagerTests.swift in Sources */,
				C7256E2827A3B4EE00EC9C4D /* TestEndpoint.swift in Sources */,
				C7256E2A27A3B51F00EC9C4D /* TestModel.swift in Sources */,
			);
			runOnlyForDeploymentPostprocessing = 0;
		};
		C7256DF327A361D000EC9C4D /* Sources */ = {
			isa = PBXSourcesBuildPhase;
			buildActionMask = 2147483647;
			files = (
				C7256DFE27A361D000EC9C4D /* FreshworksUITestsLaunchTests.swift in Sources */,
				C7256DFC27A361D000EC9C4D /* FreshworksUITests.swift in Sources */,
			);
			runOnlyForDeploymentPostprocessing = 0;
		};
/* End PBXSourcesBuildPhase section */

/* Begin PBXTargetDependency section */
		C7256DEF27A361D000EC9C4D /* PBXTargetDependency */ = {
			isa = PBXTargetDependency;
			target = C7256DD627A361CE00EC9C4D /* Freshworks */;
			targetProxy = C7256DEE27A361D000EC9C4D /* PBXContainerItemProxy */;
		};
		C7256DF927A361D000EC9C4D /* PBXTargetDependency */ = {
			isa = PBXTargetDependency;
			target = C7256DD627A361CE00EC9C4D /* Freshworks */;
			targetProxy = C7256DF827A361D000EC9C4D /* PBXContainerItemProxy */;
		};
/* End PBXTargetDependency section */

/* Begin PBXVariantGroup section */
		C7256DE027A361CE00EC9C4D /* Main.storyboard */ = {
			isa = PBXVariantGroup;
			children = (
				C7256DE127A361CE00EC9C4D /* Base */,
			);
			name = Main.storyboard;
			sourceTree = "<group>";
		};
		C7256DE527A361CF00EC9C4D /* LaunchScreen.storyboard */ = {
			isa = PBXVariantGroup;
			children = (
				C7256DE627A361CF00EC9C4D /* Base */,
			);
			name = LaunchScreen.storyboard;
			sourceTree = "<group>";
		};
/* End PBXVariantGroup section */

/* Begin XCBuildConfiguration section */
		C7256DFF27A361D000EC9C4D /* Debug */ = {
			isa = XCBuildConfiguration;
			buildSettings = {
				ALWAYS_SEARCH_USER_PATHS = NO;
				CLANG_ANALYZER_NONNULL = YES;
				CLANG_ANALYZER_NUMBER_OBJECT_CONVERSION = YES_AGGRESSIVE;
				CLANG_CXX_LANGUAGE_STANDARD = "gnu++17";
				CLANG_CXX_LIBRARY = "libc++";
				CLANG_ENABLE_MODULES = YES;
				CLANG_ENABLE_OBJC_ARC = YES;
				CLANG_ENABLE_OBJC_WEAK = YES;
				CLANG_WARN_BLOCK_CAPTURE_AUTORELEASING = YES;
				CLANG_WARN_BOOL_CONVERSION = YES;
				CLANG_WARN_COMMA = YES;
				CLANG_WARN_CONSTANT_CONVERSION = YES;
				CLANG_WARN_DEPRECATED_OBJC_IMPLEMENTATIONS = YES;
				CLANG_WARN_DIRECT_OBJC_ISA_USAGE = YES_ERROR;
				CLANG_WARN_DOCUMENTATION_COMMENTS = YES;
				CLANG_WARN_EMPTY_BODY = YES;
				CLANG_WARN_ENUM_CONVERSION = YES;
				CLANG_WARN_INFINITE_RECURSION = YES;
				CLANG_WARN_INT_CONVERSION = YES;
				CLANG_WARN_NON_LITERAL_NULL_CONVERSION = YES;
				CLANG_WARN_OBJC_IMPLICIT_RETAIN_SELF = YES;
				CLANG_WARN_OBJC_LITERAL_CONVERSION = YES;
				CLANG_WARN_OBJC_ROOT_CLASS = YES_ERROR;
				CLANG_WARN_QUOTED_INCLUDE_IN_FRAMEWORK_HEADER = YES;
				CLANG_WARN_RANGE_LOOP_ANALYSIS = YES;
				CLANG_WARN_STRICT_PROTOTYPES = YES;
				CLANG_WARN_SUSPICIOUS_MOVE = YES;
				CLANG_WARN_UNGUARDED_AVAILABILITY = YES_AGGRESSIVE;
				CLANG_WARN_UNREACHABLE_CODE = YES;
				CLANG_WARN__DUPLICATE_METHOD_MATCH = YES;
				COPY_PHASE_STRIP = NO;
				DEBUG_INFORMATION_FORMAT = dwarf;
				ENABLE_STRICT_OBJC_MSGSEND = YES;
				ENABLE_TESTABILITY = YES;
				GCC_C_LANGUAGE_STANDARD = gnu11;
				GCC_DYNAMIC_NO_PIC = NO;
				GCC_NO_COMMON_BLOCKS = YES;
				GCC_OPTIMIZATION_LEVEL = 0;
				GCC_PREPROCESSOR_DEFINITIONS = (
					"DEBUG=1",
					"$(inherited)",
				);
				GCC_WARN_64_TO_32_BIT_CONVERSION = YES;
				GCC_WARN_ABOUT_RETURN_TYPE = YES_ERROR;
				GCC_WARN_UNDECLARED_SELECTOR = YES;
				GCC_WARN_UNINITIALIZED_AUTOS = YES_AGGRESSIVE;
				GCC_WARN_UNUSED_FUNCTION = YES;
				GCC_WARN_UNUSED_VARIABLE = YES;
				IPHONEOS_DEPLOYMENT_TARGET = 15.2;
				MTL_ENABLE_DEBUG_INFO = INCLUDE_SOURCE;
				MTL_FAST_MATH = YES;
				ONLY_ACTIVE_ARCH = YES;
				SDKROOT = iphoneos;
				SWIFT_ACTIVE_COMPILATION_CONDITIONS = DEBUG;
				SWIFT_OPTIMIZATION_LEVEL = "-Onone";
			};
			name = Debug;
		};
		C7256E0027A361D000EC9C4D /* Release */ = {
			isa = XCBuildConfiguration;
			buildSettings = {
				ALWAYS_SEARCH_USER_PATHS = NO;
				CLANG_ANALYZER_NONNULL = YES;
				CLANG_ANALYZER_NUMBER_OBJECT_CONVERSION = YES_AGGRESSIVE;
				CLANG_CXX_LANGUAGE_STANDARD = "gnu++17";
				CLANG_CXX_LIBRARY = "libc++";
				CLANG_ENABLE_MODULES = YES;
				CLANG_ENABLE_OBJC_ARC = YES;
				CLANG_ENABLE_OBJC_WEAK = YES;
				CLANG_WARN_BLOCK_CAPTURE_AUTORELEASING = YES;
				CLANG_WARN_BOOL_CONVERSION = YES;
				CLANG_WARN_COMMA = YES;
				CLANG_WARN_CONSTANT_CONVERSION = YES;
				CLANG_WARN_DEPRECATED_OBJC_IMPLEMENTATIONS = YES;
				CLANG_WARN_DIRECT_OBJC_ISA_USAGE = YES_ERROR;
				CLANG_WARN_DOCUMENTATION_COMMENTS = YES;
				CLANG_WARN_EMPTY_BODY = YES;
				CLANG_WARN_ENUM_CONVERSION = YES;
				CLANG_WARN_INFINITE_RECURSION = YES;
				CLANG_WARN_INT_CONVERSION = YES;
				CLANG_WARN_NON_LITERAL_NULL_CONVERSION = YES;
				CLANG_WARN_OBJC_IMPLICIT_RETAIN_SELF = YES;
				CLANG_WARN_OBJC_LITERAL_CONVERSION = YES;
				CLANG_WARN_OBJC_ROOT_CLASS = YES_ERROR;
				CLANG_WARN_QUOTED_INCLUDE_IN_FRAMEWORK_HEADER = YES;
				CLANG_WARN_RANGE_LOOP_ANALYSIS = YES;
				CLANG_WARN_STRICT_PROTOTYPES = YES;
				CLANG_WARN_SUSPICIOUS_MOVE = YES;
				CLANG_WARN_UNGUARDED_AVAILABILITY = YES_AGGRESSIVE;
				CLANG_WARN_UNREACHABLE_CODE = YES;
				CLANG_WARN__DUPLICATE_METHOD_MATCH = YES;
				COPY_PHASE_STRIP = NO;
				DEBUG_INFORMATION_FORMAT = "dwarf-with-dsym";
				ENABLE_NS_ASSERTIONS = NO;
				ENABLE_STRICT_OBJC_MSGSEND = YES;
				GCC_C_LANGUAGE_STANDARD = gnu11;
				GCC_NO_COMMON_BLOCKS = YES;
				GCC_WARN_64_TO_32_BIT_CONVERSION = YES;
				GCC_WARN_ABOUT_RETURN_TYPE = YES_ERROR;
				GCC_WARN_UNDECLARED_SELECTOR = YES;
				GCC_WARN_UNINITIALIZED_AUTOS = YES_AGGRESSIVE;
				GCC_WARN_UNUSED_FUNCTION = YES;
				GCC_WARN_UNUSED_VARIABLE = YES;
				IPHONEOS_DEPLOYMENT_TARGET = 15.2;
				MTL_ENABLE_DEBUG_INFO = NO;
				MTL_FAST_MATH = YES;
				SDKROOT = iphoneos;
				SWIFT_COMPILATION_MODE = wholemodule;
				SWIFT_OPTIMIZATION_LEVEL = "-O";
				VALIDATE_PRODUCT = YES;
			};
			name = Release;
		};
		C7256E0227A361D000EC9C4D /* Debug */ = {
			isa = XCBuildConfiguration;
			buildSettings = {
				ASSETCATALOG_COMPILER_APPICON_NAME = AppIcon;
				ASSETCATALOG_COMPILER_GLOBAL_ACCENT_COLOR_NAME = AccentColor;
				CODE_SIGN_STYLE = Automatic;
				CURRENT_PROJECT_VERSION = 1;
				GENERATE_INFOPLIST_FILE = YES;
				INFOPLIST_FILE = Freshworks/Info.plist;
				INFOPLIST_KEY_UIApplicationSupportsIndirectInputEvents = YES;
				INFOPLIST_KEY_UILaunchStoryboardName = LaunchScreen;
				INFOPLIST_KEY_UIMainStoryboardFile = Main;
				INFOPLIST_KEY_UISupportedInterfaceOrientations_iPad = "UIInterfaceOrientationPortrait UIInterfaceOrientationPortraitUpsideDown UIInterfaceOrientationLandscapeLeft UIInterfaceOrientationLandscapeRight";
				INFOPLIST_KEY_UISupportedInterfaceOrientations_iPhone = "UIInterfaceOrientationPortrait UIInterfaceOrientationLandscapeLeft UIInterfaceOrientationLandscapeRight";
				IPHONEOS_DEPLOYMENT_TARGET = 15.2;
				LD_RUNPATH_SEARCH_PATHS = (
					"$(inherited)",
					"@executable_path/Frameworks",
				);
				MARKETING_VERSION = 1.0;
				PRODUCT_BUNDLE_IDENTIFIER = tlalocGames.Freshworks;
				PRODUCT_NAME = "$(TARGET_NAME)";
				SWIFT_EMIT_LOC_STRINGS = YES;
				SWIFT_VERSION = 5.0;
				TARGETED_DEVICE_FAMILY = 1;
			};
			name = Debug;
		};
		C7256E0327A361D000EC9C4D /* Release */ = {
			isa = XCBuildConfiguration;
			buildSettings = {
				ASSETCATALOG_COMPILER_APPICON_NAME = AppIcon;
				ASSETCATALOG_COMPILER_GLOBAL_ACCENT_COLOR_NAME = AccentColor;
				CODE_SIGN_STYLE = Automatic;
				CURRENT_PROJECT_VERSION = 1;
				GENERATE_INFOPLIST_FILE = YES;
				INFOPLIST_FILE = Freshworks/Info.plist;
				INFOPLIST_KEY_UIApplicationSupportsIndirectInputEvents = YES;
				INFOPLIST_KEY_UILaunchStoryboardName = LaunchScreen;
				INFOPLIST_KEY_UIMainStoryboardFile = Main;
				INFOPLIST_KEY_UISupportedInterfaceOrientations_iPad = "UIInterfaceOrientationPortrait UIInterfaceOrientationPortraitUpsideDown UIInterfaceOrientationLandscapeLeft UIInterfaceOrientationLandscapeRight";
				INFOPLIST_KEY_UISupportedInterfaceOrientations_iPhone = "UIInterfaceOrientationPortrait UIInterfaceOrientationLandscapeLeft UIInterfaceOrientationLandscapeRight";
				IPHONEOS_DEPLOYMENT_TARGET = 15.2;
				LD_RUNPATH_SEARCH_PATHS = (
					"$(inherited)",
					"@executable_path/Frameworks",
				);
				MARKETING_VERSION = 1.0;
				PRODUCT_BUNDLE_IDENTIFIER = tlalocGames.Freshworks;
				PRODUCT_NAME = "$(TARGET_NAME)";
				SWIFT_EMIT_LOC_STRINGS = YES;
				SWIFT_VERSION = 5.0;
				TARGETED_DEVICE_FAMILY = 1;
			};
			name = Release;
		};
		C7256E0527A361D000EC9C4D /* Debug */ = {
			isa = XCBuildConfiguration;
			buildSettings = {
				ALWAYS_EMBED_SWIFT_STANDARD_LIBRARIES = YES;
				BUNDLE_LOADER = "$(TEST_HOST)";
				CODE_SIGN_STYLE = Automatic;
				CURRENT_PROJECT_VERSION = 1;
				GENERATE_INFOPLIST_FILE = YES;
				IPHONEOS_DEPLOYMENT_TARGET = 15.2;
				MARKETING_VERSION = 1.0;
				PRODUCT_BUNDLE_IDENTIFIER = tlalocGames.FreshworksTests;
				PRODUCT_NAME = "$(TARGET_NAME)";
				SWIFT_EMIT_LOC_STRINGS = NO;
				SWIFT_VERSION = 5.0;
				TARGETED_DEVICE_FAMILY = "1,2";
				TEST_HOST = "$(BUILT_PRODUCTS_DIR)/Freshworks.app/Freshworks";
			};
			name = Debug;
		};
		C7256E0627A361D000EC9C4D /* Release */ = {
			isa = XCBuildConfiguration;
			buildSettings = {
				ALWAYS_EMBED_SWIFT_STANDARD_LIBRARIES = YES;
				BUNDLE_LOADER = "$(TEST_HOST)";
				CODE_SIGN_STYLE = Automatic;
				CURRENT_PROJECT_VERSION = 1;
				GENERATE_INFOPLIST_FILE = YES;
				IPHONEOS_DEPLOYMENT_TARGET = 15.2;
				MARKETING_VERSION = 1.0;
				PRODUCT_BUNDLE_IDENTIFIER = tlalocGames.FreshworksTests;
				PRODUCT_NAME = "$(TARGET_NAME)";
				SWIFT_EMIT_LOC_STRINGS = NO;
				SWIFT_VERSION = 5.0;
				TARGETED_DEVICE_FAMILY = "1,2";
				TEST_HOST = "$(BUILT_PRODUCTS_DIR)/Freshworks.app/Freshworks";
			};
			name = Release;
		};
		C7256E0827A361D000EC9C4D /* Debug */ = {
			isa = XCBuildConfiguration;
			buildSettings = {
				ALWAYS_EMBED_SWIFT_STANDARD_LIBRARIES = YES;
				CODE_SIGN_STYLE = Automatic;
				CURRENT_PROJECT_VERSION = 1;
				GENERATE_INFOPLIST_FILE = YES;
				MARKETING_VERSION = 1.0;
				PRODUCT_BUNDLE_IDENTIFIER = tlalocGames.FreshworksUITests;
				PRODUCT_NAME = "$(TARGET_NAME)";
				SWIFT_EMIT_LOC_STRINGS = NO;
				SWIFT_VERSION = 5.0;
				TARGETED_DEVICE_FAMILY = "1,2";
				TEST_TARGET_NAME = Freshworks;
			};
			name = Debug;
		};
		C7256E0927A361D000EC9C4D /* Release */ = {
			isa = XCBuildConfiguration;
			buildSettings = {
				ALWAYS_EMBED_SWIFT_STANDARD_LIBRARIES = YES;
				CODE_SIGN_STYLE = Automatic;
				CURRENT_PROJECT_VERSION = 1;
				GENERATE_INFOPLIST_FILE = YES;
				MARKETING_VERSION = 1.0;
				PRODUCT_BUNDLE_IDENTIFIER = tlalocGames.FreshworksUITests;
				PRODUCT_NAME = "$(TARGET_NAME)";
				SWIFT_EMIT_LOC_STRINGS = NO;
				SWIFT_VERSION = 5.0;
				TARGETED_DEVICE_FAMILY = "1,2";
				TEST_TARGET_NAME = Freshworks;
			};
			name = Release;
		};
/* End XCBuildConfiguration section */

/* Begin XCConfigurationList section */
		C7256DD227A361CE00EC9C4D /* Build configuration list for PBXProject "Freshworks" */ = {
			isa = XCConfigurationList;
			buildConfigurations = (
				C7256DFF27A361D000EC9C4D /* Debug */,
				C7256E0027A361D000EC9C4D /* Release */,
			);
			defaultConfigurationIsVisible = 0;
			defaultConfigurationName = Release;
		};
		C7256E0127A361D000EC9C4D /* Build configuration list for PBXNativeTarget "Freshworks" */ = {
			isa = XCConfigurationList;
			buildConfigurations = (
				C7256E0227A361D000EC9C4D /* Debug */,
				C7256E0327A361D000EC9C4D /* Release */,
			);
			defaultConfigurationIsVisible = 0;
			defaultConfigurationName = Release;
		};
		C7256E0427A361D000EC9C4D /* Build configuration list for PBXNativeTarget "FreshworksTests" */ = {
			isa = XCConfigurationList;
			buildConfigurations = (
				C7256E0527A361D000EC9C4D /* Debug */,
				C7256E0627A361D000EC9C4D /* Release */,
			);
			defaultConfigurationIsVisible = 0;
			defaultConfigurationName = Release;
		};
		C7256E0727A361D000EC9C4D /* Build configuration list for PBXNativeTarget "FreshworksUITests" */ = {
			isa = XCConfigurationList;
			buildConfigurations = (
				C7256E0827A361D000EC9C4D /* Debug */,
				C7256E0927A361D000EC9C4D /* Release */,
			);
			defaultConfigurationIsVisible = 0;
			defaultConfigurationName = Release;
		};
/* End XCConfigurationList section */
	};
	rootObject = C7256DCF27A361CE00EC9C4D /* Project object */;
}
